
Microsoft Visual Studio Solution File, Format Version 12.00
# Visual Studio Version 16
VisualStudioVersion = 16.0.30011.22
MinimumVisualStudioVersion = 10.0.40219.1
Project("{9A19103F-16F7-4668-BE54-9A1E7A4F7556}") = "AlexaRestaurantSkills", "AlexaRestaurantSkills.csproj", "{7F593014-D727-4275-876F-219989A6ADB4}"
EndProject
Project("{9A19103F-16F7-4668-BE54-9A1E7A4F7556}") = "AlexaRestaurantDomain", "..\AlexaRestaurantDomain\AlexaRestaurantDomain.csproj", "{8B14A3D6-0F6A-4211-BF7C-00C2022FE29E}"
EndProject
Global
	GlobalSection(SolutionConfigurationPlatforms) = preSolution
		Debug|Any CPU = Debug|Any CPU
		Release|Any CPU = Release|Any CPU
	EndGlobalSection
	GlobalSection(ProjectConfigurationPlatforms) = postSolution
		{7F593014-D727-4275-876F-219989A6ADB4}.Debug|Any CPU.ActiveCfg = Debug|Any CPU
		{7F593014-D727-4275-876F-219989A6ADB4}.Debug|Any CPU.Build.0 = Debug|Any CPU
		{7F593014-D727-4275-876F-219989A6ADB4}.Release|Any CPU.ActiveCfg = Release|Any CPU
		{7F593014-D727-4275-876F-219989A6ADB4}.Release|Any CPU.Build.0 = Release|Any CPU
		{8B14A3D6-0F6A-4211-BF7C-00C2022FE29E}.Debug|Any CPU.ActiveCfg = Debug|Any CPU
		{8B14A3D6-0F6A-4211-BF7C-00C2022FE29E}.Debug|Any CPU.Build.0 = Debug|Any CPU
		{8B14A3D6-0F6A-4211-BF7C-00C2022FE29E}.Release|Any CPU.ActiveCfg = Release|Any CPU
		{8B14A3D6-0F6A-4211-BF7C-00C2022FE29E}.Release|Any CPU.Build.0 = Release|Any CPU
	EndGlobalSection
	GlobalSection(SolutionProperties) = preSolution
		HideSolutionNode = FALSE
	EndGlobalSection
	GlobalSection(ExtensibilityGlobals) = postSolution
		SolutionGuid = {66B75470-7CC8-42C2-8085-10CCE100FBC7}
	EndGlobalSection
EndGlobal
